
Microsoft Visual Studio Solution File, Format Version 12.00
# Visual Studio Version 17
VisualStudioVersion = 17.4.33122.133
MinimumVisualStudioVersion = 10.0.40219.1
Project("{8BC9CEB8-8B4A-11D0-8D11-00A0C91BC942}") = "Practise for 1. kolokvijum", "Practise for 1. kolokvijum\Practise for 1. kolokvijum.vcxproj", "{62D58F95-E6D3-409B-87B4-47A08BC8A806}"
EndProject
Project("{8BC9CEB8-8B4A-11D0-8D11-00A0C91BC942}") = "1_1", "1_1\1_1.vcxproj", "{8B5FA398-E6DA-40B6-A4CC-AD61E73CFB09}"
EndProject
Project("{8BC9CEB8-8B4A-11D0-8D11-00A0C91BC942}") = "1_2", "1_2\1_2.vcxproj", "{7003193B-A012-4D2B-851B-32AF481FDA9A}"
EndProject
Project("{8BC9CEB8-8B4A-11D0-8D11-00A0C91BC942}") = "1_3", "1_3\1_3.vcxproj", "{A1BE145E-8666-48BE-B317-55A93371E516}"
EndProject
Project("{8BC9CEB8-8B4A-11D0-8D11-00A0C91BC942}") = "1_4", "1_4\1_4.vcxproj", "{A41D5CD2-FADD-4F21-A7E2-E03A6E59334C}"
EndProject
Project("{8BC9CEB8-8B4A-11D0-8D11-00A0C91BC942}") = "1_5", "1_5\1_5.vcxproj", "{CD793746-EEAC-4FE0-BB07-F5925B527D54}"
EndProject
Project("{8BC9CEB8-8B4A-11D0-8D11-00A0C91BC942}") = "2_1", "2_1\2_1.vcxproj", "{ECB78F51-2A4C-436B-B8BD-0EED9A3E0832}"
EndProject
Project("{8BC9CEB8-8B4A-11D0-8D11-00A0C91BC942}") = "2_2", "2_2\2_2.vcxproj", "{4B543427-B7BF-4A14-8E12-D703B48A2BCA}"
EndProject
Project("{8BC9CEB8-8B4A-11D0-8D11-00A0C91BC942}") = "2_3", "2_3\2_3.vcxproj", "{936A6257-3C8A-488A-9A51-D89D204A0456}"
EndProject
Project("{8BC9CEB8-8B4A-11D0-8D11-00A0C91BC942}") = "2_4", "2_4\2_4.vcxproj", "{32190B76-777D-4AFA-9D8E-2168D8D66DEF}"
EndProject
Project("{8BC9CEB8-8B4A-11D0-8D11-00A0C91BC942}") = "3_1", "3_1\3_1.vcxproj", "{ABAC4F5E-6314-41CF-9DBA-5347E29A69EA}"
EndProject
Project("{8BC9CEB8-8B4A-11D0-8D11-00A0C91BC942}") = "3_2", "3_2\3_2.vcxproj", "{93590E3F-A7F0-42EB-9FE1-7B2F894E3487}"
EndProject
Project("{8BC9CEB8-8B4A-11D0-8D11-00A0C91BC942}") = "3_3", "3_3\3_3.vcxproj", "{F2B01FF0-4F5C-4179-9110-34C01129EB62}"
EndProject
Project("{8BC9CEB8-8B4A-11D0-8D11-00A0C91BC942}") = "3_4", "3_4\3_4.vcxproj", "{7319A084-1FDA-4921-8D03-BE4C7D75BE3C}"
EndProject
Project("{8BC9CEB8-8B4A-11D0-8D11-00A0C91BC942}") = "4_1", "4_1\4_1.vcxproj", "{907C9B7F-E710-454B-BE60-8F23FFC85AAC}"
EndProject
Project("{8BC9CEB8-8B4A-11D0-8D11-00A0C91BC942}") = "4_2", "4_2\4_2.vcxproj", "{5B283288-6850-4B2F-A8ED-81B38927C63C}"
EndProject
Project("{8BC9CEB8-8B4A-11D0-8D11-00A0C91BC942}") = "4_3", "4_3\4_3.vcxproj", "{E03E9E26-8702-48CC-BECF-0B3E4BA2C1BE}"
EndProject
Project("{8BC9CEB8-8B4A-11D0-8D11-00A0C91BC942}") = "5_1", "5_1\5_1.vcxproj", "{4F6E5E01-02E8-4A8A-9C5F-B2828D1CD321}"
EndProject
Project("{8BC9CEB8-8B4A-11D0-8D11-00A0C91BC942}") = "5_2", "5_2\5_2.vcxproj", "{CF104954-CE4A-4D4F-B7D5-C5AC0281F373}"
EndProject
Project("{8BC9CEB8-8B4A-11D0-8D11-00A0C91BC942}") = "5_3", "5_3\5_3.vcxproj", "{A1E20953-4B96-487C-803D-EEBA741D5539}"
EndProject
Project("{8BC9CEB8-8B4A-11D0-8D11-00A0C91BC942}") = "5_4", "5_4\5_4.vcxproj", "{D8E40851-2019-4207-9A4B-57CB0C43FA1B}"
EndProject
Project("{8BC9CEB8-8B4A-11D0-8D11-00A0C91BC942}") = "6_1", "6_1\6_1.vcxproj", "{56000033-F53A-4B0E-8986-39D76B6BBF5E}"
EndProject
Project("{8BC9CEB8-8B4A-11D0-8D11-00A0C91BC942}") = "4_2.1", "4_2.1\4_2.1.vcxproj", "{E279FD6C-4547-4DE9-8F25-16D516DAEDF0}"
EndProject
Project("{8BC9CEB8-8B4A-11D0-8D11-00A0C91BC942}") = "6_2", "6_2\6_2.vcxproj", "{B70695B4-7E65-4725-8D7F-D46BD09FDD52}"
EndProject
Project("{8BC9CEB8-8B4A-11D0-8D11-00A0C91BC942}") = "6_3", "6_3\6_3.vcxproj", "{3204F0C0-1A12-4707-82D9-6EF91CFA3D15}"
EndProject
Project("{8BC9CEB8-8B4A-11D0-8D11-00A0C91BC942}") = "6_4", "6_4\6_4.vcxproj", "{27C58EA8-6BD3-4281-8FC8-4C21F55A2DD4}"
EndProject
Project("{8BC9CEB8-8B4A-11D0-8D11-00A0C91BC942}") = "6_5", "6_5\6_5.vcxproj", "{3BA4312A-FA74-46A0-B362-B7449C8E8212}"
EndProject
Project("{8BC9CEB8-8B4A-11D0-8D11-00A0C91BC942}") = "6_6", "6_6\6_6.vcxproj", "{2696429F-2893-4C4C-959D-2CD8F9A9DB14}"
EndProject
Project("{8BC9CEB8-8B4A-11D0-8D11-00A0C91BC942}") = "7_1", "7_1\7_1.vcxproj", "{14EB2861-ABC1-427B-8449-C8650C79244D}"
EndProject
Project("{8BC9CEB8-8B4A-11D0-8D11-00A0C91BC942}") = "7_2", "7_2\7_2.vcxproj", "{4675D56D-713F-4F12-980F-EC98043EA53D}"
EndProject
Project("{8BC9CEB8-8B4A-11D0-8D11-00A0C91BC942}") = "7_3", "7_3\7_3.vcxproj", "{652BAAF1-9680-4D81-9364-FFC70BF5C0E7}"
EndProject
Project("{8BC9CEB8-8B4A-11D0-8D11-00A0C91BC942}") = "8_1", "8_1\8_1.vcxproj", "{0A90B309-1C37-405F-A58B-9283070C71B3}"
EndProject
Project("{8BC9CEB8-8B4A-11D0-8D11-00A0C91BC942}") = "8_2", "8_2\8_2.vcxproj", "{9BD009E2-74E1-4E7B-9C26-A5DC0F1259D4}"
EndProject
Project("{8BC9CEB8-8B4A-11D0-8D11-00A0C91BC942}") = "8_3", "8_3\8_3.vcxproj", "{F5B7911E-2591-49A5-8944-FF9DEE6D6577}"
EndProject
Project("{8BC9CEB8-8B4A-11D0-8D11-00A0C91BC942}") = "9_1", "9_1\9_1.vcxproj", "{346A5628-32ED-42B5-8EC8-072C78C24D9D}"
EndProject
Project("{8BC9CEB8-8B4A-11D0-8D11-00A0C91BC942}") = "9_2", "9_2\9_2.vcxproj", "{E6F465C2-93C4-419D-8FD3-3612C4C9229C}"
EndProject
Project("{8BC9CEB8-8B4A-11D0-8D11-00A0C91BC942}") = "9_3", "9_3\9_3.vcxproj", "{0A151CAA-E7A9-457B-A000-14BD6B0E774F}"
EndProject
Project("{8BC9CEB8-8B4A-11D0-8D11-00A0C91BC942}") = "10_1", "10_1\10_1.vcxproj", "{A244625E-8FB4-4EEE-899A-D5E45E8B5538}"
EndProject
Project("{8BC9CEB8-8B4A-11D0-8D11-00A0C91BC942}") = "10_2", "10_2\10_2.vcxproj", "{47B55020-9245-4AAC-867F-7FE8AF5541E6}"
EndProject
Project("{8BC9CEB8-8B4A-11D0-8D11-00A0C91BC942}") = "10_3", "1-_3\1-_3.vcxproj", "{77C439FA-C4C6-496A-AA6B-87E9BC736E21}"
EndProject
Project("{8BC9CEB8-8B4A-11D0-8D11-00A0C91BC942}") = "11", "11\11.vcxproj", "{D9F81554-D89B-4E81-A944-A8D0FBE628EA}"
EndProject
Global
	GlobalSection(SolutionConfigurationPlatforms) = preSolution
		Debug|x64 = Debug|x64
		Debug|x86 = Debug|x86
		Release|x64 = Release|x64
		Release|x86 = Release|x86
	EndGlobalSection
	GlobalSection(ProjectConfigurationPlatforms) = postSolution
		{62D58F95-E6D3-409B-87B4-47A08BC8A806}.Debug|x64.ActiveCfg = Debug|x64
		{62D58F95-E6D3-409B-87B4-47A08BC8A806}.Debug|x64.Build.0 = Debug|x64
		{62D58F95-E6D3-409B-87B4-47A08BC8A806}.Debug|x86.ActiveCfg = Debug|Win32
		{62D58F95-E6D3-409B-87B4-47A08BC8A806}.Debug|x86.Build.0 = Debug|Win32
		{62D58F95-E6D3-409B-87B4-47A08BC8A806}.Release|x64.ActiveCfg = Release|x64
		{62D58F95-E6D3-409B-87B4-47A08BC8A806}.Release|x64.Build.0 = Release|x64
		{62D58F95-E6D3-409B-87B4-47A08BC8A806}.Release|x86.ActiveCfg = Release|Win32
		{62D58F95-E6D3-409B-87B4-47A08BC8A806}.Release|x86.Build.0 = Release|Win32
		{8B5FA398-E6DA-40B6-A4CC-AD61E73CFB09}.Debug|x64.ActiveCfg = Debug|x64
		{8B5FA398-E6DA-40B6-A4CC-AD61E73CFB09}.Debug|x64.Build.0 = Debug|x64
		{8B5FA398-E6DA-40B6-A4CC-AD61E73CFB09}.Debug|x86.ActiveCfg = Debug|Win32
		{8B5FA398-E6DA-40B6-A4CC-AD61E73CFB09}.Debug|x86.Build.0 = Debug|Win32
		{8B5FA398-E6DA-40B6-A4CC-AD61E73CFB09}.Release|x64.ActiveCfg = Release|x64
		{8B5FA398-E6DA-40B6-A4CC-AD61E73CFB09}.Release|x64.Build.0 = Release|x64
		{8B5FA398-E6DA-40B6-A4CC-AD61E73CFB09}.Release|x86.ActiveCfg = Release|Win32
		{8B5FA398-E6DA-40B6-A4CC-AD61E73CFB09}.Release|x86.Build.0 = Release|Win32
		{7003193B-A012-4D2B-851B-32AF481FDA9A}.Debug|x64.ActiveCfg = Debug|x64
		{7003193B-A012-4D2B-851B-32AF481FDA9A}.Debug|x64.Build.0 = Debug|x64
		{7003193B-A012-4D2B-851B-32AF481FDA9A}.Debug|x86.ActiveCfg = Debug|Win32
		{7003193B-A012-4D2B-851B-32AF481FDA9A}.Debug|x86.Build.0 = Debug|Win32
		{7003193B-A012-4D2B-851B-32AF481FDA9A}.Release|x64.ActiveCfg = Release|x64
		{7003193B-A012-4D2B-851B-32AF481FDA9A}.Release|x64.Build.0 = Release|x64
		{7003193B-A012-4D2B-851B-32AF481FDA9A}.Release|x86.ActiveCfg = Release|Win32
		{7003193B-A012-4D2B-851B-32AF481FDA9A}.Release|x86.Build.0 = Release|Win32
		{A1BE145E-8666-48BE-B317-55A93371E516}.Debug|x64.ActiveCfg = Debug|x64
		{A1BE145E-8666-48BE-B317-55A93371E516}.Debug|x64.Build.0 = Debug|x64
		{A1BE145E-8666-48BE-B317-55A93371E516}.Debug|x86.ActiveCfg = Debug|Win32
		{A1BE145E-8666-48BE-B317-55A93371E516}.Debug|x86.Build.0 = Debug|Win32
		{A1BE145E-8666-48BE-B317-55A93371E516}.Release|x64.ActiveCfg = Release|x64
		{A1BE145E-8666-48BE-B317-55A93371E516}.Release|x64.Build.0 = Release|x64
		{A1BE145E-8666-48BE-B317-55A93371E516}.Release|x86.ActiveCfg = Release|Win32
		{A1BE145E-8666-48BE-B317-55A93371E516}.Release|x86.Build.0 = Release|Win32
		{A41D5CD2-FADD-4F21-A7E2-E03A6E59334C}.Debug|x64.ActiveCfg = Debug|x64
		{A41D5CD2-FADD-4F21-A7E2-E03A6E59334C}.Debug|x64.Build.0 = Debug|x64
		{A41D5CD2-FADD-4F21-A7E2-E03A6E59334C}.Debug|x86.ActiveCfg = Debug|Win32
		{A41D5CD2-FADD-4F21-A7E2-E03A6E59334C}.Debug|x86.Build.0 = Debug|Win32
		{A41D5CD2-FADD-4F21-A7E2-E03A6E59334C}.Release|x64.ActiveCfg = Release|x64
		{A41D5CD2-FADD-4F21-A7E2-E03A6E59334C}.Release|x64.Build.0 = Release|x64
		{A41D5CD2-FADD-4F21-A7E2-E03A6E59334C}.Release|x86.ActiveCfg = Release|Win32
		{A41D5CD2-FADD-4F21-A7E2-E03A6E59334C}.Release|x86.Build.0 = Release|Win32
		{CD793746-EEAC-4FE0-BB07-F5925B527D54}.Debug|x64.ActiveCfg = Debug|x64
		{CD793746-EEAC-4FE0-BB07-F5925B527D54}.Debug|x64.Build.0 = Debug|x64
		{CD793746-EEAC-4FE0-BB07-F5925B527D54}.Debug|x86.ActiveCfg = Debug|Win32
		{CD793746-EEAC-4FE0-BB07-F5925B527D54}.Debug|x86.Build.0 = Debug|Win32
		{CD793746-EEAC-4FE0-BB07-F5925B527D54}.Release|x64.ActiveCfg = Release|x64
		{CD793746-EEAC-4FE0-BB07-F5925B527D54}.Release|x64.Build.0 = Release|x64
		{CD793746-EEAC-4FE0-BB07-F5925B527D54}.Release|x86.ActiveCfg = Release|Win32
		{CD793746-EEAC-4FE0-BB07-F5925B527D54}.Release|x86.Build.0 = Release|Win32
		{ECB78F51-2A4C-436B-B8BD-0EED9A3E0832}.Debug|x64.ActiveCfg = Debug|x64
		{ECB78F51-2A4C-436B-B8BD-0EED9A3E0832}.Debug|x64.Build.0 = Debug|x64
		{ECB78F51-2A4C-436B-B8BD-0EED9A3E0832}.Debug|x86.ActiveCfg = Debug|Win32
		{ECB78F51-2A4C-436B-B8BD-0EED9A3E0832}.Debug|x86.Build.0 = Debug|Win32
		{ECB78F51-2A4C-436B-B8BD-0EED9A3E0832}.Release|x64.ActiveCfg = Release|x64
		{ECB78F51-2A4C-436B-B8BD-0EED9A3E0832}.Release|x64.Build.0 = Release|x64
		{ECB78F51-2A4C-436B-B8BD-0EED9A3E0832}.Release|x86.ActiveCfg = Release|Win32
		{ECB78F51-2A4C-436B-B8BD-0EED9A3E0832}.Release|x86.Build.0 = Release|Win32
		{4B543427-B7BF-4A14-8E12-D703B48A2BCA}.Debug|x64.ActiveCfg = Debug|x64
		{4B543427-B7BF-4A14-8E12-D703B48A2BCA}.Debug|x64.Build.0 = Debug|x64
		{4B543427-B7BF-4A14-8E12-D703B48A2BCA}.Debug|x86.ActiveCfg = Debug|Win32
		{4B543427-B7BF-4A14-8E12-D703B48A2BCA}.Debug|x86.Build.0 = Debug|Win32
		{4B543427-B7BF-4A14-8E12-D703B48A2BCA}.Release|x64.ActiveCfg = Release|x64
		{4B543427-B7BF-4A14-8E12-D703B48A2BCA}.Release|x64.Build.0 = Release|x64
		{4B543427-B7BF-4A14-8E12-D703B48A2BCA}.Release|x86.ActiveCfg = Release|Win32
		{4B543427-B7BF-4A14-8E12-D703B48A2BCA}.Release|x86.Build.0 = Release|Win32
		{936A6257-3C8A-488A-9A51-D89D204A0456}.Debug|x64.ActiveCfg = Debug|x64
		{936A6257-3C8A-488A-9A51-D89D204A0456}.Debug|x64.Build.0 = Debug|x64
		{936A6257-3C8A-488A-9A51-D89D204A0456}.Debug|x86.ActiveCfg = Debug|Win32
		{936A6257-3C8A-488A-9A51-D89D204A0456}.Debug|x86.Build.0 = Debug|Win32
		{936A6257-3C8A-488A-9A51-D89D204A0456}.Release|x64.ActiveCfg = Release|x64
		{936A6257-3C8A-488A-9A51-D89D204A0456}.Release|x64.Build.0 = Release|x64
		{936A6257-3C8A-488A-9A51-D89D204A0456}.Release|x86.ActiveCfg = Release|Win32
		{936A6257-3C8A-488A-9A51-D89D204A0456}.Release|x86.Build.0 = Release|Win32
		{32190B76-777D-4AFA-9D8E-2168D8D66DEF}.Debug|x64.ActiveCfg = Debug|x64
		{32190B76-777D-4AFA-9D8E-2168D8D66DEF}.Debug|x64.Build.0 = Debug|x64
		{32190B76-777D-4AFA-9D8E-2168D8D66DEF}.Debug|x86.ActiveCfg = Debug|Win32
		{32190B76-777D-4AFA-9D8E-2168D8D66DEF}.Debug|x86.Build.0 = Debug|Win32
		{32190B76-777D-4AFA-9D8E-2168D8D66DEF}.Release|x64.ActiveCfg = Release|x64
		{32190B76-777D-4AFA-9D8E-2168D8D66DEF}.Release|x64.Build.0 = Release|x64
		{32190B76-777D-4AFA-9D8E-2168D8D66DEF}.Release|x86.ActiveCfg = Release|Win32
		{32190B76-777D-4AFA-9D8E-2168D8D66DEF}.Release|x86.Build.0 = Release|Win32
		{ABAC4F5E-6314-41CF-9DBA-5347E29A69EA}.Debug|x64.ActiveCfg = Debug|x64
		{ABAC4F5E-6314-41CF-9DBA-5347E29A69EA}.Debug|x64.Build.0 = Debug|x64
		{ABAC4F5E-6314-41CF-9DBA-5347E29A69EA}.Debug|x86.ActiveCfg = Debug|Win32
		{ABAC4F5E-6314-41CF-9DBA-5347E29A69EA}.Debug|x86.Build.0 = Debug|Win32
		{ABAC4F5E-6314-41CF-9DBA-5347E29A69EA}.Release|x64.ActiveCfg = Release|x64
		{ABAC4F5E-6314-41CF-9DBA-5347E29A69EA}.Release|x64.Build.0 = Release|x64
		{ABAC4F5E-6314-41CF-9DBA-5347E29A69EA}.Release|x86.ActiveCfg = Release|Win32
		{ABAC4F5E-6314-41CF-9DBA-5347E29A69EA}.Release|x86.Build.0 = Release|Win32
		{93590E3F-A7F0-42EB-9FE1-7B2F894E3487}.Debug|x64.ActiveCfg = Debug|x64
		{93590E3F-A7F0-42EB-9FE1-7B2F894E3487}.Debug|x64.Build.0 = Debug|x64
		{93590E3F-A7F0-42EB-9FE1-7B2F894E3487}.Debug|x86.ActiveCfg = Debug|Win32
		{93590E3F-A7F0-42EB-9FE1-7B2F894E3487}.Debug|x86.Build.0 = Debug|Win32
		{93590E3F-A7F0-42EB-9FE1-7B2F894E3487}.Release|x64.ActiveCfg = Release|x64
		{93590E3F-A7F0-42EB-9FE1-7B2F894E3487}.Release|x64.Build.0 = Release|x64
		{93590E3F-A7F0-42EB-9FE1-7B2F894E3487}.Release|x86.ActiveCfg = Release|Win32
		{93590E3F-A7F0-42EB-9FE1-7B2F894E3487}.Release|x86.Build.0 = Release|Win32
		{F2B01FF0-4F5C-4179-9110-34C01129EB62}.Debug|x64.ActiveCfg = Debug|x64
		{F2B01FF0-4F5C-4179-9110-34C01129EB62}.Debug|x64.Build.0 = Debug|x64
		{F2B01FF0-4F5C-4179-9110-34C01129EB62}.Debug|x86.ActiveCfg = Debug|Win32
		{F2B01FF0-4F5C-4179-9110-34C01129EB62}.Debug|x86.Build.0 = Debug|Win32
		{F2B01FF0-4F5C-4179-9110-34C01129EB62}.Release|x64.ActiveCfg = Release|x64
		{F2B01FF0-4F5C-4179-9110-34C01129EB62}.Release|x64.Build.0 = Release|x64
		{F2B01FF0-4F5C-4179-9110-34C01129EB62}.Release|x86.ActiveCfg = Release|Win32
		{F2B01FF0-4F5C-4179-9110-34C01129EB62}.Release|x86.Build.0 = Release|Win32
		{7319A084-1FDA-4921-8D03-BE4C7D75BE3C}.Debug|x64.ActiveCfg = Debug|x64
		{7319A084-1FDA-4921-8D03-BE4C7D75BE3C}.Debug|x64.Build.0 = Debug|x64
		{7319A084-1FDA-4921-8D03-BE4C7D75BE3C}.Debug|x86.ActiveCfg = Debug|Win32
		{7319A084-1FDA-4921-8D03-BE4C7D75BE3C}.Debug|x86.Build.0 = Debug|Win32
		{7319A084-1FDA-4921-8D03-BE4C7D75BE3C}.Release|x64.ActiveCfg = Release|x64
		{7319A084-1FDA-4921-8D03-BE4C7D75BE3C}.Release|x64.Build.0 = Release|x64
		{7319A084-1FDA-4921-8D03-BE4C7D75BE3C}.Release|x86.ActiveCfg = Release|Win32
		{7319A084-1FDA-4921-8D03-BE4C7D75BE3C}.Release|x86.Build.0 = Release|Win32
		{907C9B7F-E710-454B-BE60-8F23FFC85AAC}.Debug|x64.ActiveCfg = Debug|x64
		{907C9B7F-E710-454B-BE60-8F23FFC85AAC}.Debug|x64.Build.0 = Debug|x64
		{907C9B7F-E710-454B-BE60-8F23FFC85AAC}.Debug|x86.ActiveCfg = Debug|Win32
		{907C9B7F-E710-454B-BE60-8F23FFC85AAC}.Debug|x86.Build.0 = Debug|Win32
		{907C9B7F-E710-454B-BE60-8F23FFC85AAC}.Release|x64.ActiveCfg = Release|x64
		{907C9B7F-E710-454B-BE60-8F23FFC85AAC}.Release|x64.Build.0 = Release|x64
		{907C9B7F-E710-454B-BE60-8F23FFC85AAC}.Release|x86.ActiveCfg = Release|Win32
		{907C9B7F-E710-454B-BE60-8F23FFC85AAC}.Release|x86.Build.0 = Release|Win32
		{5B283288-6850-4B2F-A8ED-81B38927C63C}.Debug|x64.ActiveCfg = Debug|x64
		{5B283288-6850-4B2F-A8ED-81B38927C63C}.Debug|x64.Build.0 = Debug|x64
		{5B283288-6850-4B2F-A8ED-81B38927C63C}.Debug|x86.ActiveCfg = Debug|Win32
		{5B283288-6850-4B2F-A8ED-81B38927C63C}.Debug|x86.Build.0 = Debug|Win32
		{5B283288-6850-4B2F-A8ED-81B38927C63C}.Release|x64.ActiveCfg = Release|x64
		{5B283288-6850-4B2F-A8ED-81B38927C63C}.Release|x64.Build.0 = Release|x64
		{5B283288-6850-4B2F-A8ED-81B38927C63C}.Release|x86.ActiveCfg = Release|Win32
		{5B283288-6850-4B2F-A8ED-81B38927C63C}.Release|x86.Build.0 = Release|Win32
		{E03E9E26-8702-48CC-BECF-0B3E4BA2C1BE}.Debug|x64.ActiveCfg = Debug|x64
		{E03E9E26-8702-48CC-BECF-0B3E4BA2C1BE}.Debug|x64.Build.0 = Debug|x64
		{E03E9E26-8702-48CC-BECF-0B3E4BA2C1BE}.Debug|x86.ActiveCfg = Debug|Win32
		{E03E9E26-8702-48CC-BECF-0B3E4BA2C1BE}.Debug|x86.Build.0 = Debug|Win32
		{E03E9E26-8702-48CC-BECF-0B3E4BA2C1BE}.Release|x64.ActiveCfg = Release|x64
		{E03E9E26-8702-48CC-BECF-0B3E4BA2C1BE}.Release|x64.Build.0 = Release|x64
		{E03E9E26-8702-48CC-BECF-0B3E4BA2C1BE}.Release|x86.ActiveCfg = Release|Win32
		{E03E9E26-8702-48CC-BECF-0B3E4BA2C1BE}.Release|x86.Build.0 = Release|Win32
		{4F6E5E01-02E8-4A8A-9C5F-B2828D1CD321}.Debug|x64.ActiveCfg = Debug|x64
		{4F6E5E01-02E8-4A8A-9C5F-B2828D1CD321}.Debug|x64.Build.0 = Debug|x64
		{4F6E5E01-02E8-4A8A-9C5F-B2828D1CD321}.Debug|x86.ActiveCfg = Debug|Win32
		{4F6E5E01-02E8-4A8A-9C5F-B2828D1CD321}.Debug|x86.Build.0 = Debug|Win32
		{4F6E5E01-02E8-4A8A-9C5F-B2828D1CD321}.Release|x64.ActiveCfg = Release|x64
		{4F6E5E01-02E8-4A8A-9C5F-B2828D1CD321}.Release|x64.Build.0 = Release|x64
		{4F6E5E01-02E8-4A8A-9C5F-B2828D1CD321}.Release|x86.ActiveCfg = Release|Win32
		{4F6E5E01-02E8-4A8A-9C5F-B2828D1CD321}.Release|x86.Build.0 = Release|Win32
		{CF104954-CE4A-4D4F-B7D5-C5AC0281F373}.Debug|x64.ActiveCfg = Debug|x64
		{CF104954-CE4A-4D4F-B7D5-C5AC0281F373}.Debug|x64.Build.0 = Debug|x64
		{CF104954-CE4A-4D4F-B7D5-C5AC0281F373}.Debug|x86.ActiveCfg = Debug|Win32
		{CF104954-CE4A-4D4F-B7D5-C5AC0281F373}.Debug|x86.Build.0 = Debug|Win32
		{CF104954-CE4A-4D4F-B7D5-C5AC0281F373}.Release|x64.ActiveCfg = Release|x64
		{CF104954-CE4A-4D4F-B7D5-C5AC0281F373}.Release|x64.Build.0 = Release|x64
		{CF104954-CE4A-4D4F-B7D5-C5AC0281F373}.Release|x86.ActiveCfg = Release|Win32
		{CF104954-CE4A-4D4F-B7D5-C5AC0281F373}.Release|x86.Build.0 = Release|Win32
		{A1E20953-4B96-487C-803D-EEBA741D5539}.Debug|x64.ActiveCfg = Debug|x64
		{A1E20953-4B96-487C-803D-EEBA741D5539}.Debug|x64.Build.0 = Debug|x64
		{A1E20953-4B96-487C-803D-EEBA741D5539}.Debug|x86.ActiveCfg = Debug|Win32
		{A1E20953-4B96-487C-803D-EEBA741D5539}.Debug|x86.Build.0 = Debug|Win32
		{A1E20953-4B96-487C-803D-EEBA741D5539}.Release|x64.ActiveCfg = Release|x64
		{A1E20953-4B96-487C-803D-EEBA741D5539}.Release|x64.Build.0 = Release|x64
		{A1E20953-4B96-487C-803D-EEBA741D5539}.Release|x86.ActiveCfg = Release|Win32
		{A1E20953-4B96-487C-803D-EEBA741D5539}.Release|x86.Build.0 = Release|Win32
		{D8E40851-2019-4207-9A4B-57CB0C43FA1B}.Debug|x64.ActiveCfg = Debug|x64
		{D8E40851-2019-4207-9A4B-57CB0C43FA1B}.Debug|x64.Build.0 = Debug|x64
		{D8E40851-2019-4207-9A4B-57CB0C43FA1B}.Debug|x86.ActiveCfg = Debug|Win32
		{D8E40851-2019-4207-9A4B-57CB0C43FA1B}.Debug|x86.Build.0 = Debug|Win32
		{D8E40851-2019-4207-9A4B-57CB0C43FA1B}.Release|x64.ActiveCfg = Release|x64
		{D8E40851-2019-4207-9A4B-57CB0C43FA1B}.Release|x64.Build.0 = Release|x64
		{D8E40851-2019-4207-9A4B-57CB0C43FA1B}.Release|x86.ActiveCfg = Release|Win32
		{D8E40851-2019-4207-9A4B-57CB0C43FA1B}.Release|x86.Build.0 = Release|Win32
		{56000033-F53A-4B0E-8986-39D76B6BBF5E}.Debug|x64.ActiveCfg = Debug|x64
		{56000033-F53A-4B0E-8986-39D76B6BBF5E}.Debug|x64.Build.0 = Debug|x64
		{56000033-F53A-4B0E-8986-39D76B6BBF5E}.Debug|x86.ActiveCfg = Debug|Win32
		{56000033-F53A-4B0E-8986-39D76B6BBF5E}.Debug|x86.Build.0 = Debug|Win32
		{56000033-F53A-4B0E-8986-39D76B6BBF5E}.Release|x64.ActiveCfg = Release|x64
		{56000033-F53A-4B0E-8986-39D76B6BBF5E}.Release|x64.Build.0 = Release|x64
		{56000033-F53A-4B0E-8986-39D76B6BBF5E}.Release|x86.ActiveCfg = Release|Win32
		{56000033-F53A-4B0E-8986-39D76B6BBF5E}.Release|x86.Build.0 = Release|Win32
		{E279FD6C-4547-4DE9-8F25-16D516DAEDF0}.Debug|x64.ActiveCfg = Debug|x64
		{E279FD6C-4547-4DE9-8F25-16D516DAEDF0}.Debug|x64.Build.0 = Debug|x64
		{E279FD6C-4547-4DE9-8F25-16D516DAEDF0}.Debug|x86.ActiveCfg = Debug|Win32
		{E279FD6C-4547-4DE9-8F25-16D516DAEDF0}.Debug|x86.Build.0 = Debug|Win32
		{E279FD6C-4547-4DE9-8F25-16D516DAEDF0}.Release|x64.ActiveCfg = Release|x64
		{E279FD6C-4547-4DE9-8F25-16D516DAEDF0}.Release|x64.Build.0 = Release|x64
		{E279FD6C-4547-4DE9-8F25-16D516DAEDF0}.Release|x86.ActiveCfg = Release|Win32
		{E279FD6C-4547-4DE9-8F25-16D516DAEDF0}.Release|x86.Build.0 = Release|Win32
		{B70695B4-7E65-4725-8D7F-D46BD09FDD52}.Debug|x64.ActiveCfg = Debug|x64
		{B70695B4-7E65-4725-8D7F-D46BD09FDD52}.Debug|x64.Build.0 = Debug|x64
		{B70695B4-7E65-4725-8D7F-D46BD09FDD52}.Debug|x86.ActiveCfg = Debug|Win32
		{B70695B4-7E65-4725-8D7F-D46BD09FDD52}.Debug|x86.Build.0 = Debug|Win32
		{B70695B4-7E65-4725-8D7F-D46BD09FDD52}.Release|x64.ActiveCfg = Release|x64
		{B70695B4-7E65-4725-8D7F-D46BD09FDD52}.Release|x64.Build.0 = Release|x64
		{B70695B4-7E65-4725-8D7F-D46BD09FDD52}.Release|x86.ActiveCfg = Release|Win32
		{B70695B4-7E65-4725-8D7F-D46BD09FDD52}.Release|x86.Build.0 = Release|Win32
		{3204F0C0-1A12-4707-82D9-6EF91CFA3D15}.Debug|x64.ActiveCfg = Debug|x64
		{3204F0C0-1A12-4707-82D9-6EF91CFA3D15}.Debug|x64.Build.0 = Debug|x64
		{3204F0C0-1A12-4707-82D9-6EF91CFA3D15}.Debug|x86.ActiveCfg = Debug|Win32
		{3204F0C0-1A12-4707-82D9-6EF91CFA3D15}.Debug|x86.Build.0 = Debug|Win32
		{3204F0C0-1A12-4707-82D9-6EF91CFA3D15}.Release|x64.ActiveCfg = Release|x64
		{3204F0C0-1A12-4707-82D9-6EF91CFA3D15}.Release|x64.Build.0 = Release|x64
		{3204F0C0-1A12-4707-82D9-6EF91CFA3D15}.Release|x86.ActiveCfg = Release|Win32
		{3204F0C0-1A12-4707-82D9-6EF91CFA3D15}.Release|x86.Build.0 = Release|Win32
		{27C58EA8-6BD3-4281-8FC8-4C21F55A2DD4}.Debug|x64.ActiveCfg = Debug|x64
		{27C58EA8-6BD3-4281-8FC8-4C21F55A2DD4}.Debug|x64.Build.0 = Debug|x64
		{27C58EA8-6BD3-4281-8FC8-4C21F55A2DD4}.Debug|x86.ActiveCfg = Debug|Win32
		{27C58EA8-6BD3-4281-8FC8-4C21F55A2DD4}.Debug|x86.Build.0 = Debug|Win32
		{27C58EA8-6BD3-4281-8FC8-4C21F55A2DD4}.Release|x64.ActiveCfg = Release|x64
		{27C58EA8-6BD3-4281-8FC8-4C21F55A2DD4}.Release|x64.Build.0 = Release|x64
		{27C58EA8-6BD3-4281-8FC8-4C21F55A2DD4}.Release|x86.ActiveCfg = Release|Win32
		{27C58EA8-6BD3-4281-8FC8-4C21F55A2DD4}.Release|x86.Build.0 = Release|Win32
		{3BA4312A-FA74-46A0-B362-B7449C8E8212}.Debug|x64.ActiveCfg = Debug|x64
		{3BA4312A-FA74-46A0-B362-B7449C8E8212}.Debug|x64.Build.0 = Debug|x64
		{3BA4312A-FA74-46A0-B362-B7449C8E8212}.Debug|x86.ActiveCfg = Debug|Win32
		{3BA4312A-FA74-46A0-B362-B7449C8E8212}.Debug|x86.Build.0 = Debug|Win32
		{3BA4312A-FA74-46A0-B362-B7449C8E8212}.Release|x64.ActiveCfg = Release|x64
		{3BA4312A-FA74-46A0-B362-B7449C8E8212}.Release|x64.Build.0 = Release|x64
		{3BA4312A-FA74-46A0-B362-B7449C8E8212}.Release|x86.ActiveCfg = Release|Win32
		{3BA4312A-FA74-46A0-B362-B7449C8E8212}.Release|x86.Build.0 = Release|Win32
		{2696429F-2893-4C4C-959D-2CD8F9A9DB14}.Debug|x64.ActiveCfg = Debug|x64
		{2696429F-2893-4C4C-959D-2CD8F9A9DB14}.Debug|x64.Build.0 = Debug|x64
		{2696429F-2893-4C4C-959D-2CD8F9A9DB14}.Debug|x86.ActiveCfg = Debug|Win32
		{2696429F-2893-4C4C-959D-2CD8F9A9DB14}.Debug|x86.Build.0 = Debug|Win32
		{2696429F-2893-4C4C-959D-2CD8F9A9DB14}.Release|x64.ActiveCfg = Release|x64
		{2696429F-2893-4C4C-959D-2CD8F9A9DB14}.Release|x64.Build.0 = Release|x64
		{2696429F-2893-4C4C-959D-2CD8F9A9DB14}.Release|x86.ActiveCfg = Release|Win32
		{2696429F-2893-4C4C-959D-2CD8F9A9DB14}.Release|x86.Build.0 = Release|Win32
		{14EB2861-ABC1-427B-8449-C8650C79244D}.Debug|x64.ActiveCfg = Debug|x64
		{14EB2861-ABC1-427B-8449-C8650C79244D}.Debug|x64.Build.0 = Debug|x64
		{14EB2861-ABC1-427B-8449-C8650C79244D}.Debug|x86.ActiveCfg = Debug|Win32
		{14EB2861-ABC1-427B-8449-C8650C79244D}.Debug|x86.Build.0 = Debug|Win32
		{14EB2861-ABC1-427B-8449-C8650C79244D}.Release|x64.ActiveCfg = Release|x64
		{14EB2861-ABC1-427B-8449-C8650C79244D}.Release|x64.Build.0 = Release|x64
		{14EB2861-ABC1-427B-8449-C8650C79244D}.Release|x86.ActiveCfg = Release|Win32
		{14EB2861-ABC1-427B-8449-C8650C79244D}.Release|x86.Build.0 = Release|Win32
		{4675D56D-713F-4F12-980F-EC98043EA53D}.Debug|x64.ActiveCfg = Debug|x64
		{4675D56D-713F-4F12-980F-EC98043EA53D}.Debug|x64.Build.0 = Debug|x64
		{4675D56D-713F-4F12-980F-EC98043EA53D}.Debug|x86.ActiveCfg = Debug|Win32
		{4675D56D-713F-4F12-980F-EC98043EA53D}.Debug|x86.Build.0 = Debug|Win32
		{4675D56D-713F-4F12-980F-EC98043EA53D}.Release|x64.ActiveCfg = Release|x64
		{4675D56D-713F-4F12-980F-EC98043EA53D}.Release|x64.Build.0 = Release|x64
		{4675D56D-713F-4F12-980F-EC98043EA53D}.Release|x86.ActiveCfg = Release|Win32
		{4675D56D-713F-4F12-980F-EC98043EA53D}.Release|x86.Build.0 = Release|Win32
		{652BAAF1-9680-4D81-9364-FFC70BF5C0E7}.Debug|x64.ActiveCfg = Debug|x64
		{652BAAF1-9680-4D81-9364-FFC70BF5C0E7}.Debug|x64.Build.0 = Debug|x64
		{652BAAF1-9680-4D81-9364-FFC70BF5C0E7}.Debug|x86.ActiveCfg = Debug|Win32
		{652BAAF1-9680-4D81-9364-FFC70BF5C0E7}.Debug|x86.Build.0 = Debug|Win32
		{652BAAF1-9680-4D81-9364-FFC70BF5C0E7}.Release|x64.ActiveCfg = Release|x64
		{652BAAF1-9680-4D81-9364-FFC70BF5C0E7}.Release|x64.Build.0 = Release|x64
		{652BAAF1-9680-4D81-9364-FFC70BF5C0E7}.Release|x86.ActiveCfg = Release|Win32
		{652BAAF1-9680-4D81-9364-FFC70BF5C0E7}.Release|x86.Build.0 = Release|Win32
		{0A90B309-1C37-405F-A58B-9283070C71B3}.Debug|x64.ActiveCfg = Debug|x64
		{0A90B309-1C37-405F-A58B-9283070C71B3}.Debug|x64.Build.0 = Debug|x64
		{0A90B309-1C37-405F-A58B-9283070C71B3}.Debug|x86.ActiveCfg = Debug|Win32
		{0A90B309-1C37-405F-A58B-9283070C71B3}.Debug|x86.Build.0 = Debug|Win32
		{0A90B309-1C37-405F-A58B-9283070C71B3}.Release|x64.ActiveCfg = Release|x64
		{0A90B309-1C37-405F-A58B-9283070C71B3}.Release|x64.Build.0 = Release|x64
		{0A90B309-1C37-405F-A58B-9283070C71B3}.Release|x86.ActiveCfg = Release|Win32
		{0A90B309-1C37-405F-A58B-9283070C71B3}.Release|x86.Build.0 = Release|Win32
		{9BD009E2-74E1-4E7B-9C26-A5DC0F1259D4}.Debug|x64.ActiveCfg = Debug|x64
		{9BD009E2-74E1-4E7B-9C26-A5DC0F1259D4}.Debug|x64.Build.0 = Debug|x64
		{9BD009E2-74E1-4E7B-9C26-A5DC0F1259D4}.Debug|x86.ActiveCfg = Debug|Win32
		{9BD009E2-74E1-4E7B-9C26-A5DC0F1259D4}.Debug|x86.Build.0 = Debug|Win32
		{9BD009E2-74E1-4E7B-9C26-A5DC0F1259D4}.Release|x64.ActiveCfg = Release|x64
		{9BD009E2-74E1-4E7B-9C26-A5DC0F1259D4}.Release|x64.Build.0 = Release|x64
		{9BD009E2-74E1-4E7B-9C26-A5DC0F1259D4}.Release|x86.ActiveCfg = Release|Win32
		{9BD009E2-74E1-4E7B-9C26-A5DC0F1259D4}.Release|x86.Build.0 = Release|Win32
		{F5B7911E-2591-49A5-8944-FF9DEE6D6577}.Debug|x64.ActiveCfg = Debug|x64
		{F5B7911E-2591-49A5-8944-FF9DEE6D6577}.Debug|x64.Build.0 = Debug|x64
		{F5B7911E-2591-49A5-8944-FF9DEE6D6577}.Debug|x86.ActiveCfg = Debug|Win32
		{F5B7911E-2591-49A5-8944-FF9DEE6D6577}.Debug|x86.Build.0 = Debug|Win32
		{F5B7911E-2591-49A5-8944-FF9DEE6D6577}.Release|x64.ActiveCfg = Release|x64
		{F5B7911E-2591-49A5-8944-FF9DEE6D6577}.Release|x64.Build.0 = Release|x64
		{F5B7911E-2591-49A5-8944-FF9DEE6D6577}.Release|x86.ActiveCfg = Release|Win32
		{F5B7911E-2591-49A5-8944-FF9DEE6D6577}.Release|x86.Build.0 = Release|Win32
		{346A5628-32ED-42B5-8EC8-072C78C24D9D}.Debug|x64.ActiveCfg = Debug|x64
		{346A5628-32ED-42B5-8EC8-072C78C24D9D}.Debug|x64.Build.0 = Debug|x64
		{346A5628-32ED-42B5-8EC8-072C78C24D9D}.Debug|x86.ActiveCfg = Debug|Win32
		{346A5628-32ED-42B5-8EC8-072C78C24D9D}.Debug|x86.Build.0 = Debug|Win32
		{346A5628-32ED-42B5-8EC8-072C78C24D9D}.Release|x64.ActiveCfg = Release|x64
		{346A5628-32ED-42B5-8EC8-072C78C24D9D}.Release|x64.Build.0 = Release|x64
		{346A5628-32ED-42B5-8EC8-072C78C24D9D}.Release|x86.ActiveCfg = Release|Win32
		{346A5628-32ED-42B5-8EC8-072C78C24D9D}.Release|x86.Build.0 = Release|Win32
		{E6F465C2-93C4-419D-8FD3-3612C4C9229C}.Debug|x64.ActiveCfg = Debug|x64
		{E6F465C2-93C4-419D-8FD3-3612C4C9229C}.Debug|x64.Build.0 = Debug|x64
		{E6F465C2-93C4-419D-8FD3-3612C4C9229C}.Debug|x86.ActiveCfg = Debug|Win32
		{E6F465C2-93C4-419D-8FD3-3612C4C9229C}.Debug|x86.Build.0 = Debug|Win32
		{E6F465C2-93C4-419D-8FD3-3612C4C9229C}.Release|x64.ActiveCfg = Release|x64
		{E6F465C2-93C4-419D-8FD3-3612C4C9229C}.Release|x64.Build.0 = Release|x64
		{E6F465C2-93C4-419D-8FD3-3612C4C9229C}.Release|x86.ActiveCfg = Release|Win32
		{E6F465C2-93C4-419D-8FD3-3612C4C9229C}.Release|x86.Build.0 = Release|Win32
		{0A151CAA-E7A9-457B-A000-14BD6B0E774F}.Debug|x64.ActiveCfg = Debug|x64
		{0A151CAA-E7A9-457B-A000-14BD6B0E774F}.Debug|x64.Build.0 = Debug|x64
		{0A151CAA-E7A9-457B-A000-14BD6B0E774F}.Debug|x86.ActiveCfg = Debug|Win32
		{0A151CAA-E7A9-457B-A000-14BD6B0E774F}.Debug|x86.Build.0 = Debug|Win32
		{0A151CAA-E7A9-457B-A000-14BD6B0E774F}.Release|x64.ActiveCfg = Release|x64
		{0A151CAA-E7A9-457B-A000-14BD6B0E774F}.Release|x64.Build.0 = Release|x64
		{0A151CAA-E7A9-457B-A000-14BD6B0E774F}.Release|x86.ActiveCfg = Release|Win32
		{0A151CAA-E7A9-457B-A000-14BD6B0E774F}.Release|x86.Build.0 = Release|Win32
		{A244625E-8FB4-4EEE-899A-D5E45E8B5538}.Debug|x64.ActiveCfg = Debug|x64
		{A244625E-8FB4-4EEE-899A-D5E45E8B5538}.Debug|x64.Build.0 = Debug|x64
		{A244625E-8FB4-4EEE-899A-D5E45E8B5538}.Debug|x86.ActiveCfg = Debug|Win32
		{A244625E-8FB4-4EEE-899A-D5E45E8B5538}.Debug|x86.Build.0 = Debug|Win32
		{A244625E-8FB4-4EEE-899A-D5E45E8B5538}.Release|x64.ActiveCfg = Release|x64
		{A244625E-8FB4-4EEE-899A-D5E45E8B5538}.Release|x64.Build.0 = Release|x64
		{A244625E-8FB4-4EEE-899A-D5E45E8B5538}.Release|x86.ActiveCfg = Release|Win32
		{A244625E-8FB4-4EEE-899A-D5E45E8B5538}.Release|x86.Build.0 = Release|Win32
		{47B55020-9245-4AAC-867F-7FE8AF5541E6}.Debug|x64.ActiveCfg = Debug|x64
		{47B55020-9245-4AAC-867F-7FE8AF5541E6}.Debug|x64.Build.0 = Debug|x64
		{47B55020-9245-4AAC-867F-7FE8AF5541E6}.Debug|x86.ActiveCfg = Debug|Win32
		{47B55020-9245-4AAC-867F-7FE8AF5541E6}.Debug|x86.Build.0 = Debug|Win32
		{47B55020-9245-4AAC-867F-7FE8AF5541E6}.Release|x64.ActiveCfg = Release|x64
		{47B55020-9245-4AAC-867F-7FE8AF5541E6}.Release|x64.Build.0 = Release|x64
		{47B55020-9245-4AAC-867F-7FE8AF5541E6}.Release|x86.ActiveCfg = Release|Win32
		{47B55020-9245-4AAC-867F-7FE8AF5541E6}.Release|x86.Build.0 = Release|Win32
		{77C439FA-C4C6-496A-AA6B-87E9BC736E21}.Debug|x64.ActiveCfg = Debug|x64
		{77C439FA-C4C6-496A-AA6B-87E9BC736E21}.Debug|x64.Build.0 = Debug|x64
		{77C439FA-C4C6-496A-AA6B-87E9BC736E21}.Debug|x86.ActiveCfg = Debug|Win32
		{77C439FA-C4C6-496A-AA6B-87E9BC736E21}.Debug|x86.Build.0 = Debug|Win32
		{77C439FA-C4C6-496A-AA6B-87E9BC736E21}.Release|x64.ActiveCfg = Release|x64
		{77C439FA-C4C6-496A-AA6B-87E9BC736E21}.Release|x64.Build.0 = Release|x64
		{77C439FA-C4C6-496A-AA6B-87E9BC736E21}.Release|x86.ActiveCfg = Release|Win32
		{77C439FA-C4C6-496A-AA6B-87E9BC736E21}.Release|x86.Build.0 = Release|Win32
		{D9F81554-D89B-4E81-A944-A8D0FBE628EA}.Debug|x64.ActiveCfg = Debug|x64
		{D9F81554-D89B-4E81-A944-A8D0FBE628EA}.Debug|x64.Build.0 = Debug|x64
		{D9F81554-D89B-4E81-A944-A8D0FBE628EA}.Debug|x86.ActiveCfg = Debug|Win32
		{D9F81554-D89B-4E81-A944-A8D0FBE628EA}.Debug|x86.Build.0 = Debug|Win32
		{D9F81554-D89B-4E81-A944-A8D0FBE628EA}.Release|x64.ActiveCfg = Release|x64
		{D9F81554-D89B-4E81-A944-A8D0FBE628EA}.Release|x64.Build.0 = Release|x64
		{D9F81554-D89B-4E81-A944-A8D0FBE628EA}.Release|x86.ActiveCfg = Release|Win32
		{D9F81554-D89B-4E81-A944-A8D0FBE628EA}.Release|x86.Build.0 = Release|Win32
	EndGlobalSection
	GlobalSection(SolutionProperties) = preSolution
		HideSolutionNode = FALSE
	EndGlobalSection
	GlobalSection(ExtensibilityGlobals) = postSolution
		SolutionGuid = {23EFC52B-C709-404C-82F2-E811892E416B}
	EndGlobalSection
EndGlobal
